{
  "originHash" : "ce3ebfeae9e57cdd2cb18d520a9d71df2c3419754891c4660c2afa46ef969dcc",
  "pins" : [
    {
      "identity" : "privmx-endpoint-swift",
      "kind" : "remoteSourceControl",
      "location" : "https://github.com/simplito/privmx-endpoint-swift",
      "state" : {
        "revision" : "2ec843d01bbdceffe3217f82df21c5569ef0423b",
        "version" : "2.5.0-rc3"
      }
    },
    {
      "identity" : "privmx-endpoint-swift-extra",
      "kind" : "remoteSourceControl",
      "location" : "https://github.com/simplito/privmx-endpoint-swift-extra",
      "state" : {
        "revision" : "df738406080d990f5ab7f6d9db3f7500153231d4",
        "version" : "2.5.0-rc5"
      }
    }
  ],
  "version" : 3
}
